
Microsoft Visual Studio Solution File, Format Version 12.00
# Visual Studio 15
VisualStudioVersion = 15.0.27703.2018
MinimumVisualStudioVersion = 10.0.40219.1
Project("{FAE04EC0-301F-11D3-BF4B-00C04F79EFBC}") = "Hackerrank", "Hackerrank\Hackerrank.csproj", "{E088BA4D-306B-4BD1-A927-0C15065CD0B2}"
EndProject
Project("{FAE04EC0-301F-11D3-BF4B-00C04F79EFBC}") = "HackerrankTests", "HackerrankTests\HackerrankTests.csproj", "{BED9C278-72F1-43A5-B4E7-C3175210E687}"
EndProject
Global
	GlobalSection(SolutionConfigurationPlatforms) = preSolution
		Debug|Any CPU = Debug|Any CPU
		Release|Any CPU = Release|Any CPU
	EndGlobalSection
	GlobalSection(ProjectConfigurationPlatforms) = postSolution
		{E088BA4D-306B-4BD1-A927-0C15065CD0B2}.Debug|Any CPU.ActiveCfg = Debug|Any CPU
		{E088BA4D-306B-4BD1-A927-0C15065CD0B2}.Debug|Any CPU.Build.0 = Debug|Any CPU
		{E088BA4D-306B-4BD1-A927-0C15065CD0B2}.Release|Any CPU.ActiveCfg = Release|Any CPU
		{E088BA4D-306B-4BD1-A927-0C15065CD0B2}.Release|Any CPU.Build.0 = Release|Any CPU
		{BED9C278-72F1-43A5-B4E7-C3175210E687}.Debug|Any CPU.ActiveCfg = Debug|Any CPU
		{BED9C278-72F1-43A5-B4E7-C3175210E687}.Debug|Any CPU.Build.0 = Debug|Any CPU
		{BED9C278-72F1-43A5-B4E7-C3175210E687}.Release|Any CPU.ActiveCfg = Release|Any CPU
		{BED9C278-72F1-43A5-B4E7-C3175210E687}.Release|Any CPU.Build.0 = Release|Any CPU
	EndGlobalSection
	GlobalSection(SolutionProperties) = preSolution
		HideSolutionNode = FALSE
	EndGlobalSection
	GlobalSection(ExtensibilityGlobals) = postSolution
		SolutionGuid = {47EB2CBD-A02C-4175-AAC8-225BECFE265E}
	EndGlobalSection
EndGlobal
